PODS:
  - cbl_flutter_ee (0.0.1):
    - Flutter
  - DKImagePickerController/Core (4.3.4):
    - DKImagePickerController/ImageDataManager
    - DKImagePickerController/Resource
  - DKImagePickerController/ImageDataManager (4.3.4)
  - DKImagePickerController/PhotoGallery (4.3.4):
    - DKImagePickerController/Core
    - DKPhotoGallery
  - DKImagePickerController/Resource (4.3.4)
  - DKPhotoGallery (0.0.17):
    - DKPhotoGallery/Core (= 0.0.17)
    - DKPhotoGallery/Model (= 0.0.17)
    - DKPhotoGallery/Preview (= 0.0.17)
    - DKPhotoGallery/Resource (= 0.0.17)
    - SDWebImage
    - SwiftyGif
  - DKPhotoGallery/Core (0.0.17):
    - DKPhotoGallery/Model
    - DKPhotoGallery/Preview
    - SDWebImage
    - SwiftyGif
  - DKPhotoGallery/Model (0.0.17):
    - SDWebImage
    - SwiftyGif
  - DKPhotoGallery/Preview (0.0.17):
    - DKPhotoGallery/Model
    - DKPhotoGallery/Resource
    - SDWebImage
    - SwiftyGif
  - DKPhotoGallery/Resource (0.0.17):
    - SDWebImage
    - SwiftyGif
  - file_picker (0.0.1):
    - DKImagePickerController/PhotoGallery
    - Flutter
  - Flutter (1.0.0)
  - isar_flutter_libs (1.0.0):
    - Flutter
  - ObjectBox (1.8.1)
  - objectbox_flutter_libs (0.0.1):
    - Flutter
    - ObjectBox (= 1.8.1)
  - path_provider_foundation (0.0.1):
    - Flutter
    - FlutterMacOS
  - realm (1.0.3):
    - Flutter
  - SDWebImage (5.15.5):
    - SDWebImage/Core (= 5.15.5)
  - SDWebImage/Core (5.15.5)
  - sqlite3 (3.41.0):
    - sqlite3/common (= 3.41.0)
  - sqlite3/common (3.41.0)
  - sqlite3/fts5 (3.41.0):
    - sqlite3/common
  - sqlite3/perf-threadsafe (3.41.0):
    - sqlite3/common
  - sqlite3/rtree (3.41.0):
    - sqlite3/common
  - sqlite3_flutter_libs (0.0.1):
    - Flutter
    - sqlite3 (~> 3.41.0)
    - sqlite3/fts5
    - sqlite3/perf-threadsafe
    - sqlite3/rtree
  - SwiftyGif (5.4.4)

DEPENDENCIES:
  - cbl_flutter_ee (from `.symlinks/plugins/cbl_flutter_ee/ios`)
  - file_picker (from `.symlinks/plugins/file_picker/ios`)
  - Flutter (from `Flutter`)
  - isar_flutter_libs (from `.symlinks/plugins/isar_flutter_libs/ios`)
  - objectbox_flutter_libs (from `.symlinks/plugins/objectbox_flutter_libs/ios`)
  - path_provider_foundation (from `.symlinks/plugins/path_provider_foundation/ios`)
  - realm (from `.symlinks/plugins/realm/ios`)
  - sqlite3_flutter_libs (from `.symlinks/plugins/sqlite3_flutter_libs/ios`)

SPEC REPOS:
  trunk:
    - DKImagePickerController
    - DKPhotoGallery
    - ObjectBox
    - SDWebImage
    - sqlite3
    - SwiftyGif

EXTERNAL SOURCES:
  cbl_flutter_ee:
    :path: ".symlinks/plugins/cbl_flutter_ee/ios"
  file_picker:
    :path: ".symlinks/plugins/file_picker/ios"
  Flutter:
    :path: Flutter
  isar_flutter_libs:
    :path: ".symlinks/plugins/isar_flutter_libs/ios"
  objectbox_flutter_libs:
    :path: ".symlinks/plugins/objectbox_flutter_libs/ios"
  path_provider_foundation:
    :path: ".symlinks/plugins/path_provider_foundation/ios"
  realm:
    :path: ".symlinks/plugins/realm/ios"
  sqlite3_flutter_libs:
    :path: ".symlinks/plugins/sqlite3_flutter_libs/ios"

SPEC CHECKSUMS:
  cbl_flutter_ee: 7a7cb56df2568b913cdf7924c048ffd6426292e8
  DKImagePickerController: b512c28220a2b8ac7419f21c491fc8534b7601ac
  DKPhotoGallery: fdfad5125a9fdda9cc57df834d49df790dbb4179
  file_picker: ce3938a0df3cc1ef404671531facef740d03f920
  Flutter: f04841e97a9d0b0a8025694d0796dd46242b2854
  isar_flutter_libs: b69f437aeab9c521821c3f376198c4371fa21073
  ObjectBox: a7900d5335218cd437cbc080b7ccc38a5211f7b4
  objectbox_flutter_libs: 61d74196d924fbc773da5f5757d1e9fab7b3cc78
  path_provider_foundation: c68054786f1b4f3343858c1e1d0caaded73f0be9
  realm: 384ca8352e81b18d4e318b22a3e8b1879cfc5d4c
  SDWebImage: fd7e1a22f00303e058058278639bf6196ee431fe
  sqlite3: d31b2b69d59bd1b4ab30e5c92eb18fd8e82fa392
  sqlite3_flutter_libs: 78f93cb854d4680595bc2c63c57209a104b2efb1
  SwiftyGif: 93a1cc87bf3a51916001cf8f3d63835fb64c819f

PODFILE CHECKSUM: 089142defdba9f4cb997cf3764f48f2351f84f9d

COCOAPODS: 1.12.0
