PODS:
  - cbl_flutter_ce (0.0.1):
    - Flutter
  - Flutter (1.0.0)
  - integration_test (0.0.1):
    - Flutter
  - isar_flutter_libs (1.0.0):
    - Flutter
  - ObjectBox (1.6.0)
  - objectbox_flutter_libs (0.0.1):
    - Flutter
    - ObjectBox (= 1.6.0)
  - path_provider_ios (0.0.1):
    - Flutter
  - "realm (0.2.0+alpha)":
    - Flutter

DEPENDENCIES:
  - cbl_flutter_ce (from `.symlinks/plugins/cbl_flutter_ce/ios`)
  - Flutter (from `Flutter`)
  - integration_test (from `.symlinks/plugins/integration_test/ios`)
  - isar_flutter_libs (from `.symlinks/plugins/isar_flutter_libs/ios`)
  - objectbox_flutter_libs (from `.symlinks/plugins/objectbox_flutter_libs/ios`)
  - path_provider_ios (from `.symlinks/plugins/path_provider_ios/ios`)
  - realm (from `.symlinks/plugins/realm/ios`)

SPEC REPOS:
  trunk:
    - ObjectBox

EXTERNAL SOURCES:
  cbl_flutter_ce:
    :path: ".symlinks/plugins/cbl_flutter_ce/ios"
  Flutter:
    :path: Flutter
  integration_test:
    :path: ".symlinks/plugins/integration_test/ios"
  isar_flutter_libs:
    :path: ".symlinks/plugins/isar_flutter_libs/ios"
  objectbox_flutter_libs:
    :path: ".symlinks/plugins/objectbox_flutter_libs/ios"
  path_provider_ios:
    :path: ".symlinks/plugins/path_provider_ios/ios"
  realm:
    :path: ".symlinks/plugins/realm/ios"

SPEC CHECKSUMS:
  cbl_flutter_ce: b5cea5b595e5673db642f46284530594b910cce0
  Flutter: 50d75fe2f02b26cc09d224853bb45737f8b3214a
  integration_test: a1e7d09bd98eca2fc37aefd79d4f41ad37bdbbe5
  isar_flutter_libs: 5a34aebdd82e388db81dad8dd26786a642bb5b90
  ObjectBox: a181cc5fb47e0a6ec60754d34dc49f40dc17829e
  objectbox_flutter_libs: 511c59b863bc45abc7f6f338499e4a50e9aa5f1d
  path_provider_ios: 7d7ce634493af4477d156294792024ec3485acd5
  realm: a89a9315a38261549e21a283586db1e9692d2e56

PODFILE CHECKSUM: 7368163408c647b7eb699d0d788ba6718e18fb8d

COCOAPODS: 1.11.2
