PODS:
  - cbl_flutter_ee (0.0.1):
    - Flutter
  - Flutter (1.0.0)
  - integration_test (0.0.1):
    - Flutter
  - isar_flutter_libs (1.0.0):
    - Flutter
  - ObjectBox (1.8.1)
  - objectbox_flutter_libs (0.0.1):
    - Flutter
    - ObjectBox (= 1.8.1)
  - path_provider_foundation (0.0.1):
    - Flutter
    - FlutterMacOS
  - realm (1.0.3):
    - Flutter
  - sqlite3 (3.41.0):
    - sqlite3/common (= 3.41.0)
  - sqlite3/common (3.41.0)
  - sqlite3/fts5 (3.41.0):
    - sqlite3/common
  - sqlite3/perf-threadsafe (3.41.0):
    - sqlite3/common
  - sqlite3/rtree (3.41.0):
    - sqlite3/common
  - sqlite3_flutter_libs (0.0.1):
    - Flutter
    - sqlite3 (~> 3.41.0)
    - sqlite3/fts5
    - sqlite3/perf-threadsafe
    - sqlite3/rtree

DEPENDENCIES:
  - cbl_flutter_ee (from `.symlinks/plugins/cbl_flutter_ee/ios`)
  - Flutter (from `Flutter`)
  - integration_test (from `.symlinks/plugins/integration_test/ios`)
  - isar_flutter_libs (from `.symlinks/plugins/isar_flutter_libs/ios`)
  - objectbox_flutter_libs (from `.symlinks/plugins/objectbox_flutter_libs/ios`)
  - path_provider_foundation (from `.symlinks/plugins/path_provider_foundation/ios`)
  - realm (from `.symlinks/plugins/realm/ios`)
  - sqlite3_flutter_libs (from `.symlinks/plugins/sqlite3_flutter_libs/ios`)

SPEC REPOS:
  trunk:
    - ObjectBox
    - sqlite3

EXTERNAL SOURCES:
  cbl_flutter_ee:
    :path: ".symlinks/plugins/cbl_flutter_ee/ios"
  Flutter:
    :path: Flutter
  integration_test:
    :path: ".symlinks/plugins/integration_test/ios"
  isar_flutter_libs:
    :path: ".symlinks/plugins/isar_flutter_libs/ios"
  objectbox_flutter_libs:
    :path: ".symlinks/plugins/objectbox_flutter_libs/ios"
  path_provider_foundation:
    :path: ".symlinks/plugins/path_provider_foundation/ios"
  realm:
    :path: ".symlinks/plugins/realm/ios"
  sqlite3_flutter_libs:
    :path: ".symlinks/plugins/sqlite3_flutter_libs/ios"

SPEC CHECKSUMS:
  cbl_flutter_ee: 7a7cb56df2568b913cdf7924c048ffd6426292e8
  Flutter: f04841e97a9d0b0a8025694d0796dd46242b2854
  integration_test: a1e7d09bd98eca2fc37aefd79d4f41ad37bdbbe5
  isar_flutter_libs: b69f437aeab9c521821c3f376198c4371fa21073
  ObjectBox: a7900d5335218cd437cbc080b7ccc38a5211f7b4
  objectbox_flutter_libs: 61d74196d924fbc773da5f5757d1e9fab7b3cc78
  path_provider_foundation: c68054786f1b4f3343858c1e1d0caaded73f0be9
  realm: f4285a14dffb44db5806d4eed178e1ee2e719ea0
  sqlite3: d31b2b69d59bd1b4ab30e5c92eb18fd8e82fa392
  sqlite3_flutter_libs: 78f93cb854d4680595bc2c63c57209a104b2efb1

PODFILE CHECKSUM: 7368163408c647b7eb699d0d788ba6718e18fb8d

COCOAPODS: 1.12.0
