PODS:
  - cbl_flutter_ee (0.0.1):
    - FlutterMacOS
  - FlutterMacOS (1.0.0)
  - isar_flutter_libs (1.0.0):
    - FlutterMacOS
  - ObjectBox (1.7.0)
  - objectbox_flutter_libs (0.0.1):
    - FlutterMacOS
    - ObjectBox (= 1.7.0)
  - path_provider_macos (0.0.1):
    - FlutterMacOS
  - "realm (0.8.0+rc)":
    - FlutterMacOS
  - sqlite3 (3.40.0):
    - sqlite3/common (= 3.40.0)
  - sqlite3/common (3.40.0)
  - sqlite3/fts5 (3.40.0):
    - sqlite3/common
  - sqlite3/perf-threadsafe (3.40.0):
    - sqlite3/common
  - sqlite3/rtree (3.40.0):
    - sqlite3/common
  - sqlite3_flutter_libs (0.0.1):
    - FlutterMacOS
    - sqlite3 (~> 3.40.0)
    - sqlite3/fts5
    - sqlite3/perf-threadsafe
    - sqlite3/rtree

DEPENDENCIES:
  - cbl_flutter_ee (from `Flutter/ephemeral/.symlinks/plugins/cbl_flutter_ee/macos`)
  - FlutterMacOS (from `Flutter/ephemeral`)
  - isar_flutter_libs (from `Flutter/ephemeral/.symlinks/plugins/isar_flutter_libs/macos`)
  - objectbox_flutter_libs (from `Flutter/ephemeral/.symlinks/plugins/objectbox_flutter_libs/macos`)
  - path_provider_macos (from `Flutter/ephemeral/.symlinks/plugins/path_provider_macos/macos`)
  - realm (from `Flutter/ephemeral/.symlinks/plugins/realm/macos`)
  - sqlite3_flutter_libs (from `Flutter/ephemeral/.symlinks/plugins/sqlite3_flutter_libs/macos`)

SPEC REPOS:
  trunk:
    - ObjectBox
    - sqlite3

EXTERNAL SOURCES:
  cbl_flutter_ee:
    :path: Flutter/ephemeral/.symlinks/plugins/cbl_flutter_ee/macos
  FlutterMacOS:
    :path: Flutter/ephemeral
  isar_flutter_libs:
    :path: Flutter/ephemeral/.symlinks/plugins/isar_flutter_libs/macos
  objectbox_flutter_libs:
    :path: Flutter/ephemeral/.symlinks/plugins/objectbox_flutter_libs/macos
  path_provider_macos:
    :path: Flutter/ephemeral/.symlinks/plugins/path_provider_macos/macos
  realm:
    :path: Flutter/ephemeral/.symlinks/plugins/realm/macos
  sqlite3_flutter_libs:
    :path: Flutter/ephemeral/.symlinks/plugins/sqlite3_flutter_libs/macos

SPEC CHECKSUMS:
  cbl_flutter_ee: 18286942e8322a4b0c64ced6d9788025b9c6ae92
  FlutterMacOS: ae6af50a8ea7d6103d888583d46bd8328a7e9811
  isar_flutter_libs: 43385c99864c168fadba7c9adeddc5d38838ca6a
  ObjectBox: 6410cda891ee71682ea1b0330a9544c52b2ba988
  objectbox_flutter_libs: 52f3cbcb18604df4e4dd08fb513b9edf3f91b1af
  path_provider_macos: 3c0c3b4b0d4a76d2bf989a913c2de869c5641a19
  realm: 83c2da309134e24880061980217dc4a5c2aefc42
  sqlite3: 88dd99ef4ac3945f5a15facdd752933c52fd93bf
  sqlite3_flutter_libs: 7523e007b12584944a26feaa9975ea741eab136f

PODFILE CHECKSUM: 353c8bcc5d5b0994e508d035b5431cfe18c1dea7

COCOAPODS: 1.11.3
